// !$*UTF8*$!
{
	archiveVersion = 1;
	classes = {
	};
	objectVersion = 50;
	objects = {

/* Begin PBXBuildFile section */
		33052B5C237A430D00A3541B /* OtherView.swift in Sources */ = {isa = PBXBuildFile; fileRef = 33052B5B237A430D00A3541B /* OtherView.swift */; };
		33DF206C237939E50037BB90 /* AppDelegate.swift in Sources */ = {isa = PBXBuildFile; fileRef = 33DF206B237939E50037BB90 /* AppDelegate.swift */; };
		33DF206E237939E50037BB90 /* SceneDelegate.swift in Sources */ = {isa = PBXBuildFile; fileRef = 33DF206D237939E50037BB90 /* SceneDelegate.swift */; };
		33DF2070237939E50037BB90 /* ContentView.swift in Sources */ = {isa = PBXBuildFile; fileRef = 33DF206F237939E50037BB90 /* ContentView.swift */; };
		33DF2072237939E60037BB90 /* Assets.xcassets in Resources */ = {isa = PBXBuildFile; fileRef = 33DF2071237939E60037BB90 /* Assets.xcassets */; };
		33DF2075237939E60037BB90 /* Preview Assets.xcassets in Resources */ = {isa = PBXBuildFile; fileRef = 33DF2074237939E60037BB90 /* Preview Assets.xcassets */; };
		33DF2078237939E60037BB90 /* LaunchScreen.storyboard in Resources */ = {isa = PBXBuildFile; fileRef = 33DF2076237939E60037BB90 /* LaunchScreen.storyboard */; };
/* End PBXBuildFile section */

/* Begin PBXFileReference section */
		33052B5B237A430D00A3541B /* OtherView.swift */ = {isa = PBXFileReference; lastKnownFileType = sourcecode.swift; path = OtherView.swift; sourceTree = "<group>"; };
		33DF2068237939E50037BB90 /* SwiftUI_NoDo.app */ = {isa = PBXFileReference; explicitFileType = wrapper.application; includeInIndex = 0; path = SwiftUI_NoDo.app; sourceTree = BUILT_PRODUCTS_DIR; };
		33DF206B237939E50037BB90 /* AppDelegate.swift */ = {isa = PBXFileReference; lastKnownFileType = sourcecode.swift; path = AppDelegate.swift; sourceTree = "<group>"; };
		33DF206D237939E50037BB90 /* SceneDelegate.swift */ = {isa = PBXFileReference; lastKnownFileType = sourcecode.swift; path = SceneDelegate.swift; sourceTree = "<group>"; };
		33DF206F237939E50037BB90 /* ContentView.swift */ = {isa = PBXFileReference; lastKnownFileType = sourcecode.swift; path = ContentView.swift; sourceTree = "<group>"; };
		33DF2071237939E60037BB90 /* Assets.xcassets */ = {isa = PBXFileReference; lastKnownFileType = folder.assetcatalog; path = Assets.xcassets; sourceTree = "<group>"; };
		33DF2074237939E60037BB90 /* Preview Assets.xcassets */ = {isa = PBXFileReference; lastKnownFileType = folder.assetcatalog; path = "Preview Assets.xcassets"; sourceTree = "<group>"; };
		33DF2077237939E60037BB90 /* Base */ = {isa = PBXFileReference; lastKnownFileType = file.storyboard; name = Base; path = Base.lproj/LaunchScreen.storyboard; sourceTree = "<group>"; };
		33DF2079237939E60037BB90 /* Info.plist */ = {isa = PBXFileReference; lastKnownFileType = text.plist.xml; path = Info.plist; sourceTree = "<group>"; };
/* End PBXFileReference section */

/* Begin PBXFrameworksBuildPhase section */
		33DF2065237939E50037BB90 /* Frameworks */ = {
			isa = PBXFrameworksBuildPhase;
			buildActionMask = 2147483647;
			files = (
			);
			runOnlyForDeploymentPostprocessing = 0;
		};
/* End PBXFrameworksBuildPhase section */

/* Begin PBXGroup section */
		33DF205F237939E50037BB90 = {
			isa = PBXGroup;
			children = (
				33DF206A237939E50037BB90 /* SwiftUI_NoDo */,
				33DF2069237939E50037BB90 /* Products */,
			);
			sourceTree = "<group>";
		};
		33DF2069237939E50037BB90 /* Products */ = {
			isa = PBXGroup;
			children = (
				33DF2068237939E50037BB90 /* SwiftUI_NoDo.app */,
			);
			name = Products;
			sourceTree = "<group>";
		};
		33DF206A237939E50037BB90 /* SwiftUI_NoDo */ = {
			isa = PBXGroup;
			children = (
				33DF206B237939E50037BB90 /* AppDelegate.swift */,
				33DF206D237939E50037BB90 /* SceneDelegate.swift */,
				33DF206F237939E50037BB90 /* ContentView.swift */,
				33052B5B237A430D00A3541B /* OtherView.swift */,
				33DF2071237939E60037BB90 /* Assets.xcassets */,
				33DF2076237939E60037BB90 /* LaunchScreen.storyboard */,
				33DF2079237939E60037BB90 /* Info.plist */,
				33DF2073237939E60037BB90 /* Preview Content */,
			);
			path = SwiftUI_NoDo;
			sourceTree = "<group>";
		};
		33DF2073237939E60037BB90 /* Preview Content */ = {
			isa = PBXGroup;
			children = (
				33DF2074237939E60037BB90 /* Preview Assets.xcassets */,
			);
			path = "Preview Content";
			sourceTree = "<group>";
		};
/* End PBXGroup section */

/* Begin PBXNativeTarget section */
		33DF2067237939E50037BB90 /* SwiftUI_NoDo */ = {
			isa = PBXNativeTarget;
			buildConfigurationList = 33DF207C237939E60037BB90 /* Build configuration list for PBXNativeTarget "SwiftUI_NoDo" */;
			buildPhases = (
				33DF2064237939E50037BB90 /* Sources */,
				33DF2065237939E50037BB90 /* Frameworks */,
				33DF2066237939E50037BB90 /* Resources */,
			);
			buildRules = (
			);
			dependencies = (
			);
			name = SwiftUI_NoDo;
			productName = SwiftUI_NoDo;
			productReference = 33DF2068237939E50037BB90 /* SwiftUI_NoDo.app */;
			productType = "com.apple.product-type.application";
		};
/* End PBXNativeTarget section */

/* Begin PBXProject section */
		33DF2060237939E50037BB90 /* Project object */ = {
			isa = PBXProject;
			attributes = {
				LastSwiftUpdateCheck = 1120;
				LastUpgradeCheck = 1120;
				ORGANIZATIONNAME = "양팀장(iMac)";
				TargetAttributes = {
					33DF2067237939E50037BB90 = {
						CreatedOnToolsVersion = 11.2;
					};
				};
			};
			buildConfigurationList = 33DF2063237939E50037BB90 /* Build configuration list for PBXProject "SwiftUI_NoDo" */;
			compatibilityVersion = "Xcode 9.3";
			developmentRegion = en;
			hasScannedForEncodings = 0;
			knownRegions = (
				en,
				Base,
			);
			mainGroup = 33DF205F237939E50037BB90;
			productRefGroup = 33DF2069237939E50037BB90 /* Products */;
			projectDirPath = "";
			projectRoot = "";
			targets = (
				33DF2067237939E50037BB90 /* SwiftUI_NoDo */,
			);
		};
/* End PBXProject section */

/* Begin PBXResourcesBuildPhase section */
		33DF2066237939E50037BB90 /* Resources */ = {
			isa = PBXResourcesBuildPhase;
			buildActionMask = 2147483647;
			files = (
				33DF2078237939E60037BB90 /* LaunchScreen.storyboard in Resources */,
				33DF2075237939E60037BB90 /* Preview Assets.xcassets in Resources */,
				33DF2072237939E60037BB90 /* Assets.xcassets in Resources */,
			);
			runOnlyForDeploymentPostprocessing = 0;
		};
/* End PBXResourcesBuildPhase section */

/* Begin PBXSourcesBuildPhase section */
		33DF2064237939E50037BB90 /* Sources */ = {
			isa = PBXSourcesBuildPhase;
			buildActionMask = 2147483647;
			files = (
				33DF206C237939E50037BB90 /* AppDelegate.swift in Sources */,
				33DF206E237939E50037BB90 /* SceneDelegate.swift in Sources */,
				33DF2070237939E50037BB90 /* ContentView.swift in Sources */,
				33052B5C237A430D00A3541B /* OtherView.swift in Sources */,
			);
			runOnlyForDeploymentPostprocessing = 0;
		};
/* End PBXSourcesBuildPhase section */

/* Begin PBXVariantGroup section */
		33DF2076237939E60037BB90 /* LaunchScreen.storyboard */ = {
			isa = PBXVariantGroup;
			children = (
				33DF2077237939E60037BB90 /* Base */,
			);
			name = LaunchScreen.storyboard;
			sourceTree = "<group>";
		};
/* End PBXVariantGroup section */

/* Begin XCBuildConfiguration section */
		33DF207A237939E60037BB90 /* Debug */ = {
			isa = XCBuildConfiguration;
			buildSettings = {
				ALWAYS_SEARCH_USER_PATHS = NO;
				CLANG_ANALYZER_NONNULL = YES;
				CLANG_ANALYZER_NUMBER_OBJECT_CONVERSION = YES_AGGRESSIVE;
				CLANG_CXX_LANGUAGE_STANDARD = "gnu++14";
				CLANG_CXX_LIBRARY = "libc++";
				CLANG_ENABLE_MODULES = YES;
				CLANG_ENABLE_OBJC_ARC = YES;
				CLANG_ENABLE_OBJC_WEAK = YES;
				CLANG_WARN_BLOCK_CAPTURE_AUTORELEASING = YES;
				CLANG_WARN_BOOL_CONVERSION = YES;
				CLANG_WARN_COMMA = YES;
				CLANG_WARN_CONSTANT_CONVERSION = YES;
				CLANG_WARN_DEPRECATED_OBJC_IMPLEMENTATIONS = YES;
				CLANG_WARN_DIRECT_OBJC_ISA_USAGE = YES_ERROR;
				CLANG_WARN_DOCUMENTATION_COMMENTS = YES;
				CLANG_WARN_EMPTY_BODY = YES;
				CLANG_WARN_ENUM_CONVERSION = YES;
				CLANG_WARN_INFINITE_RECURSION = YES;
				CLANG_WARN_INT_CONVERSION = YES;
				CLANG_WARN_NON_LITERAL_NULL_CONVERSION = YES;
				CLANG_WARN_OBJC_IMPLICIT_RETAIN_SELF = YES;
				CLANG_WARN_OBJC_LITERAL_CONVERSION = YES;
				CLANG_WARN_OBJC_ROOT_CLASS = YES_ERROR;
				CLANG_WARN_RANGE_LOOP_ANALYSIS = YES;
				CLANG_WARN_STRICT_PROTOTYPES = YES;
				CLANG_WARN_SUSPICIOUS_MOVE = YES;
				CLANG_WARN_UNGUARDED_AVAILABILITY = YES_AGGRESSIVE;
				CLANG_WARN_UNREACHABLE_CODE = YES;
				CLANG_WARN__DUPLICATE_METHOD_MATCH = YES;
				COPY_PHASE_STRIP = NO;
				DEBUG_INFORMATION_FORMAT = dwarf;
				ENABLE_STRICT_OBJC_MSGSEND = YES;
				ENABLE_TESTABILITY = YES;
				GCC_C_LANGUAGE_STANDARD = gnu11;
				GCC_DYNAMIC_NO_PIC = NO;
				GCC_NO_COMMON_BLOCKS = YES;
				GCC_OPTIMIZATION_LEVEL = 0;
				GCC_PREPROCESSOR_DEFINITIONS = (
					"DEBUG=1",
					"$(inherited)",
				);
				GCC_WARN_64_TO_32_BIT_CONVERSION = YES;
				GCC_WARN_ABOUT_RETURN_TYPE = YES_ERROR;
				GCC_WARN_UNDECLARED_SELECTOR = YES;
				GCC_WARN_UNINITIALIZED_AUTOS = YES_AGGRESSIVE;
				GCC_WARN_UNUSED_FUNCTION = YES;
				GCC_WARN_UNUSED_VARIABLE = YES;
				IPHONEOS_DEPLOYMENT_TARGET = 13.2;
				MTL_ENABLE_DEBUG_INFO = INCLUDE_SOURCE;
				MTL_FAST_MATH = YES;
				ONLY_ACTIVE_ARCH = YES;
				SDKROOT = iphoneos;
				SWIFT_ACTIVE_COMPILATION_CONDITIONS = DEBUG;
				SWIFT_OPTIMIZATION_LEVEL = "-Onone";
			};
			name = Debug;
		};
		33DF207B237939E60037BB90 /* Release */ = {
			isa = XCBuildConfiguration;
			buildSettings = {
				ALWAYS_SEARCH_USER_PATHS = NO;
				CLANG_ANALYZER_NONNULL = YES;
				CLANG_ANALYZER_NUMBER_OBJECT_CONVERSION = YES_AGGRESSIVE;
				CLANG_CXX_LANGUAGE_STANDARD = "gnu++14";
				CLANG_CXX_LIBRARY = "libc++";
				CLANG_ENABLE_MODULES = YES;
				CLANG_ENABLE_OBJC_ARC = YES;
				CLANG_ENABLE_OBJC_WEAK = YES;
				CLANG_WARN_BLOCK_CAPTURE_AUTORELEASING = YES;
				CLANG_WARN_BOOL_CONVERSION = YES;
				CLANG_WARN_COMMA = YES;
				CLANG_WARN_CONSTANT_CONVERSION = YES;
				CLANG_WARN_DEPRECATED_OBJC_IMPLEMENTATIONS = YES;
				CLANG_WARN_DIRECT_OBJC_ISA_USAGE = YES_ERROR;
				CLANG_WARN_DOCUMENTATION_COMMENTS = YES;
				CLANG_WARN_EMPTY_BODY = YES;
				CLANG_WARN_ENUM_CONVERSION = YES;
				CLANG_WARN_INFINITE_RECURSION = YES;
				CLANG_WARN_INT_CONVERSION = YES;
				CLANG_WARN_NON_LITERAL_NULL_CONVERSION = YES;
				CLANG_WARN_OBJC_IMPLICIT_RETAIN_SELF = YES;
				CLANG_WARN_OBJC_LITERAL_CONVERSION = YES;
				CLANG_WARN_OBJC_ROOT_CLASS = YES_ERROR;
				CLANG_WARN_RANGE_LOOP_ANALYSIS = YES;
				CLANG_WARN_STRICT_PROTOTYPES = YES;
				CLANG_WARN_SUSPICIOUS_MOVE = YES;
				CLANG_WARN_UNGUARDED_AVAILABILITY = YES_AGGRESSIVE;
				CLANG_WARN_UNREACHABLE_CODE = YES;
				CLANG_WARN__DUPLICATE_METHOD_MATCH = YES;
				COPY_PHASE_STRIP = NO;
				DEBUG_INFORMATION_FORMAT = "dwarf-with-dsym";
				ENABLE_NS_ASSERTIONS = NO;
				ENABLE_STRICT_OBJC_MSGSEND = YES;
				GCC_C_LANGUAGE_STANDARD = gnu11;
				GCC_NO_COMMON_BLOCKS = YES;
				GCC_WARN_64_TO_32_BIT_CONVERSION = YES;
				GCC_WARN_ABOUT_RETURN_TYPE = YES_ERROR;
				GCC_WARN_UNDECLARED_SELECTOR = YES;
				GCC_WARN_UNINITIALIZED_AUTOS = YES_AGGRESSIVE;
				GCC_WARN_UNUSED_FUNCTION = YES;
				GCC_WARN_UNUSED_VARIABLE = YES;
				IPHONEOS_DEPLOYMENT_TARGET = 13.2;
				MTL_ENABLE_DEBUG_INFO = NO;
				MTL_FAST_MATH = YES;
				SDKROOT = iphoneos;
				SWIFT_COMPILATION_MODE = wholemodule;
				SWIFT_OPTIMIZATION_LEVEL = "-O";
				VALIDATE_PRODUCT = YES;
			};
			name = Release;
		};
		33DF207D237939E60037BB90 /* Debug */ = {
			isa = XCBuildConfiguration;
			buildSettings = {
				ASSETCATALOG_COMPILER_APPICON_NAME = AppIcon;
				CODE_SIGN_STYLE = Automatic;
				DEVELOPMENT_ASSET_PATHS = "\"SwiftUI_NoDo/Preview Content\"";
				DEVELOPMENT_TEAM = 9RZ227D96G;
				ENABLE_PREVIEWS = YES;
				INFOPLIST_FILE = SwiftUI_NoDo/Info.plist;
				LD_RUNPATH_SEARCH_PATHS = (
					"$(inherited)",
					"@executable_path/Frameworks",
				);
				PRODUCT_BUNDLE_IDENTIFIER = "com.bigmsg-SwiftUI-noDo.SwiftUI-NoDo";
				PRODUCT_NAME = "$(TARGET_NAME)";
				SWIFT_VERSION = 5.0;
				TARGETED_DEVICE_FAMILY = "1,2";
			};
			name = Debug;
		};
		33DF207E237939E60037BB90 /* Release */ = {
			isa = XCBuildConfiguration;
			buildSettings = {
				ASSETCATALOG_COMPILER_APPICON_NAME = AppIcon;
				CODE_SIGN_STYLE = Automatic;
				DEVELOPMENT_ASSET_PATHS = "\"SwiftUI_NoDo/Preview Content\"";
				DEVELOPMENT_TEAM = 9RZ227D96G;
				ENABLE_PREVIEWS = YES;
				INFOPLIST_FILE = SwiftUI_NoDo/Info.plist;
				LD_RUNPATH_SEARCH_PATHS = (
					"$(inherited)",
					"@executable_path/Frameworks",
				);
				PRODUCT_BUNDLE_IDENTIFIER = "com.bigmsg-SwiftUI-noDo.SwiftUI-NoDo";
				PRODUCT_NAME = "$(TARGET_NAME)";
				SWIFT_VERSION = 5.0;
				TARGETED_DEVICE_FAMILY = "1,2";
			};
			name = Release;
		};
/* End XCBuildConfiguration section */

/* Begin XCConfigurationList section */
		33DF2063237939E50037BB90 /* Build configuration list for PBXProject "SwiftUI_NoDo" */ = {
			isa = XCConfigurationList;
			buildConfigurations = (
				33DF207A237939E60037BB90 /* Debug */,
				33DF207B237939E60037BB90 /* Release */,
			);
			defaultConfigurationIsVisible = 0;
			defaultConfigurationName = Release;
		};
		33DF207C237939E60037BB90 /* Build configuration list for PBXNativeTarget "SwiftUI_NoDo" */ = {
			isa = XCConfigurationList;
			buildConfigurations = (
				33DF207D237939E60037BB90 /* Debug */,
				33DF207E237939E60037BB90 /* Release */,
			);
			defaultConfigurationIsVisible = 0;
			defaultConfigurationName = Release;
		};
/* End XCConfigurationList section */
	};
	rootObject = 33DF2060237939E50037BB90 /* Project object */;
}
